{
  "requires": true,
  "lockfileVersion": 1,
  "dependencies": {
    "@types/d": {
      "version": "1.0.1",
      "resolved": "https://registry.npmjs.org/@types/d/-/d-1.0.1.tgz",
      "integrity": "sha512-QulmL64LyXp3f0B5YnGpNDQfwOnVdrF8SEj3I8UFY6BwNyV3p0RrU66UVTudG/pn15++bf1Zfjhr4389VClGGw==",
      "dev": true
    },
    "types-registry": {
      "version": "0.1.664",
      "resolved": "https://registry.npmjs.org/types-registry/-/types-registry-0.1.664.tgz",
      "integrity": "sha512-YyuB/AbLi20YDI3QPU7q/3jgYcbRtisOduYSSwn9N6/M1UFTs+2DpMM5pJzfFDYD7u16pBK9O4GxwDSIKC9/rQ=="
    }
  }
}
